{
  "version": 4,
  "terraform_version": "1.8.3",
  "serial": 11,
  "lineage": "9d999fa4-72b6-add2-945d-e87feafe8372",
  "outputs": {},
  "resources": [
    {
      "mode": "data",
      "type": "archive_file",
      "name": "zip",
      "provider": "provider[\"registry.terraform.io/hashicorp/archive\"]",
      "instances": [
        {
          "schema_version": 0,
          "attributes": {
            "exclude_symlink_directories": null,
            "excludes": null,
            "id": "2a2a30d90ee001c90fedd5f5f1b4a667c6f01de3",
            "output_base64sha256": "CQ59hJrtcvOks+6Se82j8VzMfIwqbyfaFr+yZBZplkk=",
            "output_base64sha512": "fYd5Ul0UaKLXF+xUHoZHhEt6WFyMXUKYAKVzMMu2TNYKzkmwsMorytsXTJWtPUE37O1qrUZY5ysrDVUFySCmxg==",
            "output_file_mode": null,
            "output_md5": "8f1811417705efa3600b2820e20312d7",
            "output_path": "./packedlambda.zip",
            "output_sha": "2a2a30d90ee001c90fedd5f5f1b4a667c6f01de3",
            "output_sha256": "090e7d849aed72f3a4b3ee927bcda3f15ccc7c8c2a6f27da16bfb26416699649",
            "output_sha512": "7d8779525d1468a2d717ec541e8647844b7a585c8c5d429800a57330cbb64cd60ace49b0b0ca2bcadb174c95ad3d4137eced6aad4658e72b2b0d5505c920a6c6",
            "output_size": 343,
            "source": [],
            "source_content": null,
            "source_content_filename": null,
            "source_dir": "./lambda/",
            "source_file": null,
            "type": "zip"
          },
          "sensitive_attributes": []
        }
      ]
    },
    {
      "mode": "data",
      "type": "aws_iam_role",
      "name": "resumeadmin",
      "provider": "provider[\"registry.terraform.io/hashicorp/aws\"]",
      "instances": [
        {
          "schema_version": 0,
          "attributes": {
            "arn": "arn:aws:iam::905418405640:role/resumeadmin",
            "assume_role_policy": "{\"Version\":\"2012-10-17\",\"Statement\":[{\"Effect\":\"Allow\",\"Principal\":{\"Service\":\"lambda.amazonaws.com\"},\"Action\":\"sts:AssumeRole\"}]}",
            "create_date": "2024-05-20T01:47:42Z",
            "description": "Allows Lambda functions to call AWS services on your behalf.",
            "id": "resumeadmin",
            "max_session_duration": 3600,
            "name": "resumeadmin",
            "path": "/",
            "permissions_boundary": "",
            "tags": {},
            "unique_id": "AROA5FTZEO4EAPFSCEFOB"
          },
          "sensitive_attributes": []
        }
      ]
    },
    {
      "mode": "managed",
      "type": "aws_lambda_function",
      "name": "myfunc",
      "provider": "provider[\"registry.terraform.io/hashicorp/aws\"]",
      "instances": [
        {
          "schema_version": 0,
          "attributes": {
            "architectures": [
              "x86_64"
            ],
            "arn": "arn:aws:lambda:us-east-1:905418405640:function:myfunc",
            "code_signing_config_arn": "",
            "dead_letter_config": [],
            "description": "",
            "environment": [],
            "ephemeral_storage": [
              {
                "size": 512
              }
            ],
            "file_system_config": [],
            "filename": "./packedlambda.zip",
            "function_name": "myfunc",
            "handler": "func.handler",
            "id": "myfunc",
            "image_config": [],
            "image_uri": "",
            "invoke_arn": "arn:aws:apigateway:us-east-1:lambda:path/2015-03-31/functions/arn:aws:lambda:us-east-1:905418405640:function:myfunc/invocations",
            "kms_key_arn": "",
            "last_modified": "2024-05-27T15:44:59.000+0000",
            "layers": [],
            "memory_size": 128,
            "package_type": "Zip",
            "publish": false,
            "qualified_arn": "arn:aws:lambda:us-east-1:905418405640:function:myfunc:$LATEST",
            "qualified_invoke_arn": "arn:aws:apigateway:us-east-1:lambda:path/2015-03-31/functions/arn:aws:lambda:us-east-1:905418405640:function:myfunc:$LATEST/invocations",
            "reserved_concurrent_executions": -1,
            "role": "arn:aws:iam::905418405640:role/resumeadmin",
            "runtime": "python3.9",
            "s3_bucket": null,
            "s3_key": null,
            "s3_object_version": null,
            "signing_job_arn": "",
            "signing_profile_version_arn": "",
            "snap_start": [],
            "source_code_hash": "CQ59hJrtcvOks+6Se82j8VzMfIwqbyfaFr+yZBZplkk=",
            "source_code_size": 343,
            "tags": {},
            "tags_all": {},
            "timeout": 3,
            "timeouts": null,
            "tracing_config": [
              {
                "mode": "PassThrough"
              }
            ],
            "version": "$LATEST",
            "vpc_config": []
          },
          "sensitive_attributes": [],
          "private": "eyJlMmJmYjczMC1lY2FhLTExZTYtOGY4OC0zNDM2M2JjN2M0YzAiOnsiY3JlYXRlIjo2MDAwMDAwMDAwMDAsInVwZGF0ZSI6NjAwMDAwMDAwMDAwfX0=",
          "dependencies": [
            "data.archive_file.zip",
            "data.aws_iam_role.resumeadmin"
          ]
        }
      ]
    },
    {
      "mode": "managed",
      "type": "aws_lambda_function_url",
      "name": "url1",
      "provider": "provider[\"registry.terraform.io/hashicorp/aws\"]",
      "instances": [
        {
          "schema_version": 0,
          "attributes": {
            "authorization_type": "NONE",
            "cors": [
              {
                "allow_credentials": true,
                "allow_headers": [
                  "date",
                  "keep-alive"
                ],
                "allow_methods": [
                  "*"
                ],
                "allow_origins": [
                  "https://www.codedbychino.com"
                ],
                "expose_headers": [
                  "date",
                  "keep-alive"
                ],
                "max_age": 86400
              }
            ],
            "function_arn": "arn:aws:lambda:us-east-1:905418405640:function:myfunc",
            "function_name": "myfunc",
            "function_url": "https://zkimeyha3qqqhvkbfjwppu3icy0vgxot.lambda-url.us-east-1.on.aws/",
            "id": "myfunc",
            "qualifier": "",
            "timeouts": null,
            "url_id": "zkimeyha3qqqhvkbfjwppu3icy0vgxot"
          },
          "sensitive_attributes": [],
          "private": "eyJlMmJmYjczMC1lY2FhLTExZTYtOGY4OC0zNDM2M2JjN2M0YzAiOnsiY3JlYXRlIjo2MDAwMDAwMDAwMDB9fQ==",
          "dependencies": [
            "aws_lambda_function.myfunc",
            "data.archive_file.zip",
            "data.aws_iam_role.resumeadmin"
          ]
        }
      ]
    }
  ],
  "check_results": null
}
